# THIS IS AN AUTOGENERATED FILE. DO NOT EDIT THIS FILE DIRECTLY.
# yarn lockfile v1


acorn@^5.1.1:
  version "5.1.2"
  resolved "https://registry.yarnpkg.com/acorn/-/acorn-5.1.2.tgz#911cb53e036807cf0fa778dc5d370fbd864246d7"

ajv@^4.9.1:
  version "4.11.8"
  resolved "https://registry.yarnpkg.com/ajv/-/ajv-4.11.8.tgz#82ffb02b29e662ae53bdc20af15947706739c536"
  dependencies:
    co "^4.6.0"
    json-stable-stringify "^1.0.1"

arr-diff@^2.0.0:
  version "2.0.0"
  resolved "https://registry.yarnpkg.com/arr-diff/-/arr-diff-2.0.0.tgz#8f3b827f955a8bd669697e4a4256ac3ceae356cf"
  dependencies:
    arr-flatten "^1.0.1"

arr-flatten@^1.0.1:
  version "1.1.0"
  resolved "https://registry.yarnpkg.com/arr-flatten/-/arr-flatten-1.1.0.tgz#36048bbff4e7b47e136644316c99669ea5ae91f1"

array-unique@^0.2.1:
  version "0.2.1"
  resolved "https://registry.yarnpkg.com/array-unique/-/array-unique-0.2.1.tgz#a1d97ccafcbc2625cc70fadceb36a50c58b01a53"

asn1@~0.2.3:
  version "0.2.3"
  resolved "https://registry.yarnpkg.com/asn1/-/asn1-0.2.3.tgz#dac8787713c9966849fc8180777ebe9c1ddf3b86"

assert-plus@1.0.0, assert-plus@^1.0.0:
  version "1.0.0"
  resolved "https://registry.yarnpkg.com/assert-plus/-/assert-plus-1.0.0.tgz#f12e0f3c5d77b0b1cdd9146942e4e96c1e4dd525"

assert-plus@^0.2.0:
  version "0.2.0"
  resolved "https://registry.yarnpkg.com/assert-plus/-/assert-plus-0.2.0.tgz#d74e1b87e7affc0db8aadb7021f3fe48101ab234"

async-to-gen@^1.2.0:
  version "1.3.3"
  resolved "https://registry.yarnpkg.com/async-to-gen/-/async-to-gen-1.3.3.tgz#d52c9fb4801f0df44abc4d2de1870b48b60e20bb"
  dependencies:
    babylon "^6.14.0"
    magic-string "^0.19.0"

asynckit@^0.4.0:
  version "0.4.0"
  resolved "https://registry.yarnpkg.com/asynckit/-/asynckit-0.4.0.tgz#c79ed97f7f34cb8f2ba1bc9790bcc366474b4b79"

aws-sign2@~0.6.0:
  version "0.6.0"
  resolved "https://registry.yarnpkg.com/aws-sign2/-/aws-sign2-0.6.0.tgz#14342dd38dbcc94d0e5b87d763cd63612c0e794f"

aws4@^1.2.1:
  version "1.6.0"
  resolved "https://registry.yarnpkg.com/aws4/-/aws4-1.6.0.tgz#83ef5ca860b2b32e4a0deedee8c771b9db57471e"

babylon@^6.14.0:
  version "6.18.0"
  resolved "https://registry.yarnpkg.com/babylon/-/babylon-6.18.0.tgz#af2f3b88fa6f5c1e4c634d1a0f8eac4f55b395e3"

balanced-match@^1.0.0:
  version "1.0.0"
  resolved "https://registry.yarnpkg.com/balanced-match/-/balanced-match-1.0.0.tgz#89b4d199ab2bee49de164ea02b89ce462d71b767"

bcrypt-pbkdf@^1.0.0:
  version "1.0.1"
  resolved "https://registry.yarnpkg.com/bcrypt-pbkdf/-/bcrypt-pbkdf-1.0.1.tgz#63bc5dcb61331b92bc05fd528953c33462a06f8d"
  dependencies:
    tweetnacl "^0.14.3"

body@^5.1.0:
  version "5.1.0"
  resolved "http://registry.npm.taobao.org/body/download/body-5.1.0.tgz#e4ba0ce410a46936323367609ecb4e6553125069"
  dependencies:
    continuable-cache "^0.3.1"
    error "^7.0.0"
    raw-body "~1.1.0"
    safe-json-parse "~1.0.1"

boom@2.x.x:
  version "2.10.1"
  resolved "https://registry.yarnpkg.com/boom/-/boom-2.10.1.tgz#39c8918ceff5799f83f9492a848f625add0c766f"
  dependencies:
    hoek "2.x.x"

brace-expansion@^1.1.7:
  version "1.1.8"
  resolved "https://registry.yarnpkg.com/brace-expansion/-/brace-expansion-1.1.8.tgz#c07b211c7c952ec1f8efd51a77ef0d1d3990a292"
  dependencies:
    balanced-match "^1.0.0"
    concat-map "0.0.1"

braces@^1.8.2:
  version "1.8.5"
  resolved "https://registry.yarnpkg.com/braces/-/braces-1.8.5.tgz#ba77962e12dff969d6b76711e914b737857bf6a7"
  dependencies:
    expand-range "^1.8.1"
    preserve "^0.2.0"
    repeat-element "^1.1.2"

browser-resolve@^1.11.0:
  version "1.11.2"
  resolved "https://registry.yarnpkg.com/browser-resolve/-/browser-resolve-1.11.2.tgz#8ff09b0a2c421718a1051c260b32e48f442938ce"
  dependencies:
    resolve "1.1.7"

builtin-modules@^1.1.0:
  version "1.1.1"
  resolved "https://registry.yarnpkg.com/builtin-modules/-/builtin-modules-1.1.1.tgz#270f076c5a72c02f5b65a47df94c5fe3a278892f"

bytes@1:
  version "1.0.0"
  resolved "http://registry.npm.taobao.org/bytes/download/bytes-1.0.0.tgz#3569ede8ba34315fab99c3e92cb04c7220de1fa8"

caseless@~0.12.0:
  version "0.12.0"
  resolved "https://registry.yarnpkg.com/caseless/-/caseless-0.12.0.tgz#1b681c21ff84033c826543090689420d187151dc"

co@^4.6.0:
  version "4.6.0"
  resolved "https://registry.yarnpkg.com/co/-/co-4.6.0.tgz#6ea6bdf3d853ae54ccb8e47bfa0bf3f9031fb184"

combined-stream@^1.0.5, combined-stream@~1.0.5:
  version "1.0.5"
  resolved "https://registry.yarnpkg.com/combined-stream/-/combined-stream-1.0.5.tgz#938370a57b4a51dea2c77c15d5c5fdf895164009"
  dependencies:
    delayed-stream "~1.0.0"

commander@~2.11.0:
  version "2.11.0"
  resolved "https://registry.yarnpkg.com/commander/-/commander-2.11.0.tgz#157152fd1e7a6c8d98a5b715cf376df928004563"

concat-map@0.0.1:
  version "0.0.1"
  resolved "https://registry.yarnpkg.com/concat-map/-/concat-map-0.0.1.tgz#d8a96bd77fd68df7793a73036a3ba0d5405d477b"

continuable-cache@^0.3.1:
  version "0.3.1"
  resolved "http://registry.npm.taobao.org/continuable-cache/download/continuable-cache-0.3.1.tgz#bd727a7faed77e71ff3985ac93351a912733ad0f"

core-util-is@1.0.2:
  version "1.0.2"
  resolved "https://registry.yarnpkg.com/core-util-is/-/core-util-is-1.0.2.tgz#b5fd54220aa2bc5ab57aab7140c940754503c1a7"

cryptiles@2.x.x:
  version "2.0.5"
  resolved "https://registry.yarnpkg.com/cryptiles/-/cryptiles-2.0.5.tgz#3bdfecdc608147c1c67202fa291e7dca59eaa3b8"
  dependencies:
    boom "2.x.x"

dashdash@^1.12.0:
  version "1.14.1"
  resolved "https://registry.yarnpkg.com/dashdash/-/dashdash-1.14.1.tgz#853cfa0f7cbe2fed5de20326b8dd581035f6e2f0"
  dependencies:
    assert-plus "^1.0.0"

delayed-stream@~1.0.0:
  version "1.0.0"
  resolved "https://registry.yarnpkg.com/delayed-stream/-/delayed-stream-1.0.0.tgz#df3ae199acadfb7d440aaae0b29e2272b24ec619"

ecc-jsbn@~0.1.1:
  version "0.1.1"
  resolved "https://registry.yarnpkg.com/ecc-jsbn/-/ecc-jsbn-0.1.1.tgz#0fc73a9ed5f0d53c38193398523ef7e543777505"
  dependencies:
    jsbn "~0.1.0"

error@^7.0.0:
  version "7.0.2"
  resolved "http://registry.npm.taobao.org/error/download/error-7.0.2.tgz#a5f75fff4d9926126ddac0ea5dc38e689153cb02"
  dependencies:
    string-template "~0.2.1"
    xtend "~4.0.0"

estree-walker@^0.2.1:
  version "0.2.1"
  resolved "https://registry.yarnpkg.com/estree-walker/-/estree-walker-0.2.1.tgz#bdafe8095383d8414d5dc2ecf4c9173b6db9412e"

estree-walker@^0.3.0:
  version "0.3.1"
  resolved "https://registry.yarnpkg.com/estree-walker/-/estree-walker-0.3.1.tgz#e6b1a51cf7292524e7237c312e5fe6660c1ce1aa"

estree-walker@^0.5.0:
  version "0.5.0"
  resolved "https://registry.yarnpkg.com/estree-walker/-/estree-walker-0.5.0.tgz#aae3b57c42deb8010e349c892462f0e71c5dd1aa"

expand-brackets@^0.1.4:
  version "0.1.5"
  resolved "https://registry.yarnpkg.com/expand-brackets/-/expand-brackets-0.1.5.tgz#df07284e342a807cd733ac5af72411e581d1177b"
  dependencies:
    is-posix-bracket "^0.1.0"

expand-range@^1.8.1:
  version "1.8.2"
  resolved "https://registry.yarnpkg.com/expand-range/-/expand-range-1.8.2.tgz#a299effd335fe2721ebae8e257ec79644fc85337"
  dependencies:
    fill-range "^2.1.0"

extend@~3.0.0:
  version "3.0.1"
  resolved "https://registry.yarnpkg.com/extend/-/extend-3.0.1.tgz#a755ea7bc1adfcc5a31ce7e762dbaadc5e636444"

extglob@^0.3.1:
  version "0.3.2"
  resolved "https://registry.yarnpkg.com/extglob/-/extglob-0.3.2.tgz#2e18ff3d2f49ab2765cec9023f011daa8d8349a1"
  dependencies:
    is-extglob "^1.0.0"

extsprintf@1.3.0, extsprintf@^1.2.0:
  version "1.3.0"
  resolved "https://registry.yarnpkg.com/extsprintf/-/extsprintf-1.3.0.tgz#96918440e3041a7a414f8c52e3c574eb3c3e1e05"

filename-regex@^2.0.0:
  version "2.0.1"
  resolved "https://registry.yarnpkg.com/filename-regex/-/filename-regex-2.0.1.tgz#c1c4b9bee3e09725ddb106b75c1e301fe2f18b26"

fill-range@^2.1.0:
  version "2.2.3"
  resolved "https://registry.yarnpkg.com/fill-range/-/fill-range-2.2.3.tgz#50b77dfd7e469bc7492470963699fe7a8485a723"
  dependencies:
    is-number "^2.1.0"
    isobject "^2.0.0"
    randomatic "^1.1.3"
    repeat-element "^1.1.2"
    repeat-string "^1.5.2"

for-in@^1.0.1:
  version "1.0.2"
  resolved "https://registry.yarnpkg.com/for-in/-/for-in-1.0.2.tgz#81068d295a8142ec0ac726c6e2200c30fb6d5e80"

for-own@^0.1.4:
  version "0.1.5"
  resolved "https://registry.yarnpkg.com/for-own/-/for-own-0.1.5.tgz#5265c681a4f294dabbf17c9509b6763aa84510ce"
  dependencies:
    for-in "^1.0.1"

forever-agent@~0.6.1:
  version "0.6.1"
  resolved "https://registry.yarnpkg.com/forever-agent/-/forever-agent-0.6.1.tgz#fbc71f0c41adeb37f96c577ad1ed42d8fdacca91"

form-data@~2.1.1:
  version "2.1.4"
  resolved "https://registry.yarnpkg.com/form-data/-/form-data-2.1.4.tgz#33c183acf193276ecaa98143a69e94bfee1750d1"
  dependencies:
    asynckit "^0.4.0"
    combined-stream "^1.0.5"
    mime-types "^2.1.12"

getpass@^0.1.1:
  version "0.1.7"
  resolved "https://registry.yarnpkg.com/getpass/-/getpass-0.1.7.tgz#5eff8e3e684d569ae4cb2b1282604e8ba62149fa"
  dependencies:
    assert-plus "^1.0.0"

glob-base@^0.3.0:
  version "0.3.0"
  resolved "https://registry.yarnpkg.com/glob-base/-/glob-base-0.3.0.tgz#dbb164f6221b1c0b1ccf82aea328b497df0ea3c4"
  dependencies:
    glob-parent "^2.0.0"
    is-glob "^2.0.0"

glob-parent@^2.0.0:
  version "2.0.0"
  resolved "https://registry.yarnpkg.com/glob-parent/-/glob-parent-2.0.0.tgz#81383d72db054fcccf5336daa902f182f6edbb28"
  dependencies:
    is-glob "^2.0.0"

har-schema@^1.0.5:
  version "1.0.5"
  resolved "https://registry.yarnpkg.com/har-schema/-/har-schema-1.0.5.tgz#d263135f43307c02c602afc8fe95970c0151369e"

har-validator@~4.2.1:
  version "4.2.1"
  resolved "https://registry.yarnpkg.com/har-validator/-/har-validator-4.2.1.tgz#33481d0f1bbff600dd203d75812a6a5fba002e2a"
  dependencies:
    ajv "^4.9.1"
    har-schema "^1.0.5"

hawk@~3.1.3:
  version "3.1.3"
  resolved "https://registry.yarnpkg.com/hawk/-/hawk-3.1.3.tgz#078444bd7c1640b0fe540d2c9b73d59678e8e1c4"
  dependencies:
    boom "2.x.x"
    cryptiles "2.x.x"
    hoek "2.x.x"
    sntp "1.x.x"

hoek@2.x.x:
  version "2.16.3"
  resolved "https://registry.yarnpkg.com/hoek/-/hoek-2.16.3.tgz#20bb7403d3cea398e91dc4710a8ff1b8274a25ed"

http-signature@~1.1.0:
  version "1.1.1"
  resolved "https://registry.yarnpkg.com/http-signature/-/http-signature-1.1.1.tgz#df72e267066cd0ac67fb76adf8e134a8fbcf91bf"
  dependencies:
    assert-plus "^0.2.0"
    jsprim "^1.2.2"
    sshpk "^1.7.0"

is-buffer@^1.1.5:
  version "1.1.5"
  resolved "https://registry.yarnpkg.com/is-buffer/-/is-buffer-1.1.5.tgz#1f3b26ef613b214b88cbca23cc6c01d87961eecc"

is-dotfile@^1.0.0:
  version "1.0.3"
  resolved "https://registry.yarnpkg.com/is-dotfile/-/is-dotfile-1.0.3.tgz#a6a2f32ffd2dfb04f5ca25ecd0f6b83cf798a1e1"

is-equal-shallow@^0.1.3:
  version "0.1.3"
  resolved "https://registry.yarnpkg.com/is-equal-shallow/-/is-equal-shallow-0.1.3.tgz#2238098fc221de0bcfa5d9eac4c45d638aa1c534"
  dependencies:
    is-primitive "^2.0.0"

is-extendable@^0.1.1:
  version "0.1.1"
  resolved "https://registry.yarnpkg.com/is-extendable/-/is-extendable-0.1.1.tgz#62b110e289a471418e3ec36a617d472e301dfc89"

is-extglob@^1.0.0:
  version "1.0.0"
  resolved "https://registry.yarnpkg.com/is-extglob/-/is-extglob-1.0.0.tgz#ac468177c4943405a092fc8f29760c6ffc6206c0"

is-glob@^2.0.0, is-glob@^2.0.1:
  version "2.0.1"
  resolved "https://registry.yarnpkg.com/is-glob/-/is-glob-2.0.1.tgz#d096f926a3ded5600f3fdfd91198cb0888c2d863"
  dependencies:
    is-extglob "^1.0.0"

is-module@^1.0.0:
  version "1.0.0"
  resolved "https://registry.yarnpkg.com/is-module/-/is-module-1.0.0.tgz#3258fb69f78c14d5b815d664336b4cffb6441591"

is-number@^2.1.0:
  version "2.1.0"
  resolved "https://registry.yarnpkg.com/is-number/-/is-number-2.1.0.tgz#01fcbbb393463a548f2f466cce16dece49db908f"
  dependencies:
    kind-of "^3.0.2"

is-number@^3.0.0:
  version "3.0.0"
  resolved "https://registry.yarnpkg.com/is-number/-/is-number-3.0.0.tgz#24fd6201a4782cf50561c810276afc7d12d71195"
  dependencies:
    kind-of "^3.0.2"

is-posix-bracket@^0.1.0:
  version "0.1.1"
  resolved "https://registry.yarnpkg.com/is-posix-bracket/-/is-posix-bracket-0.1.1.tgz#3334dc79774368e92f016e6fbc0a88f5cd6e6bc4"

is-primitive@^2.0.0:
  version "2.0.0"
  resolved "https://registry.yarnpkg.com/is-primitive/-/is-primitive-2.0.0.tgz#207bab91638499c07b2adf240a41a87210034575"

is-typedarray@~1.0.0:
  version "1.0.0"
  resolved "https://registry.yarnpkg.com/is-typedarray/-/is-typedarray-1.0.0.tgz#e479c80858df0c1b11ddda6940f96011fcda4a9a"

isarray@1.0.0:
  version "1.0.0"
  resolved "https://registry.yarnpkg.com/isarray/-/isarray-1.0.0.tgz#bb935d48582cba168c06834957a54a3e07124f11"

isobject@^2.0.0:
  version "2.1.0"
  resolved "https://registry.yarnpkg.com/isobject/-/isobject-2.1.0.tgz#f065561096a3f1da2ef46272f815c840d87e0c89"
  dependencies:
    isarray "1.0.0"

isstream@~0.1.2:
  version "0.1.2"
  resolved "https://registry.yarnpkg.com/isstream/-/isstream-0.1.2.tgz#47e63f7af55afa6f92e1500e690eb8b8529c099a"

jsbn@~0.1.0:
  version "0.1.1"
  resolved "https://registry.yarnpkg.com/jsbn/-/jsbn-0.1.1.tgz#a5e654c2e5a2deb5f201d96cefbca80c0ef2f513"

json-schema@0.2.3:
  version "0.2.3"
  resolved "https://registry.yarnpkg.com/json-schema/-/json-schema-0.2.3.tgz#b480c892e59a2f05954ce727bd3f2a4e882f9e13"

json-stable-stringify@^1.0.1:
  version "1.0.1"
  resolved "https://registry.yarnpkg.com/json-stable-stringify/-/json-stable-stringify-1.0.1.tgz#9a759d39c5f2ff503fd5300646ed445f88c4f9af"
  dependencies:
    jsonify "~0.0.0"

json-stringify-safe@~5.0.1:
  version "5.0.1"
  resolved "https://registry.yarnpkg.com/json-stringify-safe/-/json-stringify-safe-5.0.1.tgz#1296a2d58fd45f19a0f6ce01d65701e2c735b6eb"

jsonify@~0.0.0:
  version "0.0.0"
  resolved "https://registry.yarnpkg.com/jsonify/-/jsonify-0.0.0.tgz#2c74b6ee41d93ca51b7b5aaee8f503631d252a73"

jsprim@^1.2.2:
  version "1.4.1"
  resolved "https://registry.yarnpkg.com/jsprim/-/jsprim-1.4.1.tgz#313e66bc1e5cc06e438bc1b7499c2e5c56acb6a2"
  dependencies:
    assert-plus "1.0.0"
    extsprintf "1.3.0"
    json-schema "0.2.3"
    verror "1.10.0"

kind-of@^3.0.2:
  version "3.2.2"
  resolved "https://registry.yarnpkg.com/kind-of/-/kind-of-3.2.2.tgz#31ea21a734bab9bbb0f32466d893aea51e4a3c64"
  dependencies:
    is-buffer "^1.1.5"

kind-of@^4.0.0:
  version "4.0.0"
  resolved "https://registry.yarnpkg.com/kind-of/-/kind-of-4.0.0.tgz#20813df3d712928b207378691a45066fae72dd57"
  dependencies:
    is-buffer "^1.1.5"

magic-string@^0.19.0:
  version "0.19.1"
  resolved "https://registry.yarnpkg.com/magic-string/-/magic-string-0.19.1.tgz#14d768013caf2ec8fdea16a49af82fc377e75201"
  dependencies:
    vlq "^0.2.1"

magic-string@^0.22.4:
  version "0.22.4"
  resolved "https://registry.yarnpkg.com/magic-string/-/magic-string-0.22.4.tgz#31039b4e40366395618c1d6cf8193c53917475ff"
  dependencies:
    vlq "^0.2.1"

merge@^1.2.0:
  version "1.2.0"
  resolved "https://registry.yarnpkg.com/merge/-/merge-1.2.0.tgz#7531e39d4949c281a66b8c5a6e0265e8b05894da"

micromatch@^2.3.11:
  version "2.3.11"
  resolved "https://registry.yarnpkg.com/micromatch/-/micromatch-2.3.11.tgz#86677c97d1720b363431d04d0d15293bd38c1565"
  dependencies:
    arr-diff "^2.0.0"
    array-unique "^0.2.1"
    braces "^1.8.2"
    expand-brackets "^0.1.4"
    extglob "^0.3.1"
    filename-regex "^2.0.0"
    is-extglob "^1.0.0"
    is-glob "^2.0.1"
    kind-of "^3.0.2"
    normalize-path "^2.0.1"
    object.omit "^2.0.0"
    parse-glob "^3.0.4"
    regex-cache "^0.4.2"

mime-db@~1.30.0:
  version "1.30.0"
  resolved "https://registry.yarnpkg.com/mime-db/-/mime-db-1.30.0.tgz#74c643da2dd9d6a45399963465b26d5ca7d71f01"

mime-types@^2.1.12, mime-types@~2.1.7:
  version "2.1.17"
  resolved "https://registry.yarnpkg.com/mime-types/-/mime-types-2.1.17.tgz#09d7a393f03e995a79f8af857b70a9e0ab16557a"
  dependencies:
    mime-db "~1.30.0"

minimatch@^3.0.2:
  version "3.0.4"
  resolved "https://registry.yarnpkg.com/minimatch/-/minimatch-3.0.4.tgz#5166e286457f03306064be5497e8dbb0c3d32083"
  dependencies:
    brace-expansion "^1.1.7"

normalize-path@^2.0.1:
  version "2.1.1"
  resolved "https://registry.yarnpkg.com/normalize-path/-/normalize-path-2.1.1.tgz#1ab28b556e198363a8c1a6f7e6fa20137fe6aed9"
  dependencies:
    remove-trailing-separator "^1.0.1"

oauth-sign@~0.8.1:
  version "0.8.2"
  resolved "https://registry.yarnpkg.com/oauth-sign/-/oauth-sign-0.8.2.tgz#46a6ab7f0aead8deae9ec0565780b7d4efeb9d43"

object.omit@^2.0.0:
  version "2.0.1"
  resolved "https://registry.yarnpkg.com/object.omit/-/object.omit-2.0.1.tgz#1a9c744829f39dbb858c76ca3579ae2a54ebd1fa"
  dependencies:
    for-own "^0.1.4"
    is-extendable "^0.1.1"

parse-glob@^3.0.4:
  version "3.0.4"
  resolved "https://registry.yarnpkg.com/parse-glob/-/parse-glob-3.0.4.tgz#b2c376cfb11f35513badd173ef0bb6e3a388391c"
  dependencies:
    glob-base "^0.3.0"
    is-dotfile "^1.0.0"
    is-extglob "^1.0.0"
    is-glob "^2.0.0"

path-parse@^1.0.5:
  version "1.0.5"
  resolved "https://registry.yarnpkg.com/path-parse/-/path-parse-1.0.5.tgz#3c1adf871ea9cd6c9431b6ea2bd74a0ff055c4c1"

performance-now@^0.2.0:
  version "0.2.0"
  resolved "https://registry.yarnpkg.com/performance-now/-/performance-now-0.2.0.tgz#33ef30c5c77d4ea21c5a53869d91b56d8f2555e5"

preserve@^0.2.0:
  version "0.2.0"
  resolved "https://registry.yarnpkg.com/preserve/-/preserve-0.2.0.tgz#815ed1f6ebc65926f865b310c0713bcb3315ce4b"

punycode@^1.4.1:
  version "1.4.1"
  resolved "https://registry.yarnpkg.com/punycode/-/punycode-1.4.1.tgz#c0d5a63b2718800ad8e1eb0fa5269c84dd41845e"

qs@^6.5.0:
  version "6.5.1"
  resolved "https://registry.yarnpkg.com/qs/-/qs-6.5.1.tgz#349cdf6eef89ec45c12d7d5eb3fc0c870343a6d8"

qs@~6.4.0:
  version "6.4.0"
  resolved "https://registry.yarnpkg.com/qs/-/qs-6.4.0.tgz#13e26d28ad6b0ffaa91312cd3bf708ed351e7233"

randomatic@^1.1.3:
  version "1.1.7"
  resolved "https://registry.yarnpkg.com/randomatic/-/randomatic-1.1.7.tgz#c7abe9cc8b87c0baa876b19fde83fd464797e38c"
  dependencies:
    is-number "^3.0.0"
    kind-of "^4.0.0"

raw-body@~1.1.0:
  version "1.1.7"
  resolved "http://registry.npm.taobao.org/raw-body/download/raw-body-1.1.7.tgz#1d027c2bfa116acc6623bca8f00016572a87d425"
  dependencies:
    bytes "1"
    string_decoder "0.10"

regex-cache@^0.4.2:
  version "0.4.4"
  resolved "https://registry.yarnpkg.com/regex-cache/-/regex-cache-0.4.4.tgz#75bdc58a2a1496cec48a12835bc54c8d562336dd"
  dependencies:
    is-equal-shallow "^0.1.3"

remove-trailing-separator@^1.0.1:
  version "1.1.0"
  resolved "https://registry.yarnpkg.com/remove-trailing-separator/-/remove-trailing-separator-1.1.0.tgz#c24bce2a283adad5bc3f58e0d48249b92379d8ef"

repeat-element@^1.1.2:
  version "1.1.2"
  resolved "https://registry.yarnpkg.com/repeat-element/-/repeat-element-1.1.2.tgz#ef089a178d1483baae4d93eb98b4f9e4e11d990a"

repeat-string@^1.5.2:
  version "1.6.1"
  resolved "https://registry.yarnpkg.com/repeat-string/-/repeat-string-1.6.1.tgz#8dcae470e1c88abc2d600fff4a776286da75e637"

request@^2.81.0:
  version "2.81.0"
  resolved "https://registry.yarnpkg.com/request/-/request-2.81.0.tgz#c6928946a0e06c5f8d6f8a9333469ffda46298a0"
  dependencies:
    aws-sign2 "~0.6.0"
    aws4 "^1.2.1"
    caseless "~0.12.0"
    combined-stream "~1.0.5"
    extend "~3.0.0"
    forever-agent "~0.6.1"
    form-data "~2.1.1"
    har-validator "~4.2.1"
    hawk "~3.1.3"
    http-signature "~1.1.0"
    is-typedarray "~1.0.0"
    isstream "~0.1.2"
    json-stringify-safe "~5.0.1"
    mime-types "~2.1.7"
    oauth-sign "~0.8.1"
    performance-now "^0.2.0"
    qs "~6.4.0"
    safe-buffer "^5.0.1"
    stringstream "~0.0.4"
    tough-cookie "~2.3.0"
    tunnel-agent "^0.6.0"
    uuid "^3.0.0"

resolve@1.1.7:
  version "1.1.7"
  resolved "https://registry.yarnpkg.com/resolve/-/resolve-1.1.7.tgz#203114d82ad2c5ed9e8e0411b3932875e889e97b"

resolve@^1.1.6, resolve@^1.4.0:
  version "1.4.0"
  resolved "https://registry.yarnpkg.com/resolve/-/resolve-1.4.0.tgz#a75be01c53da25d934a98ebd0e4c4a7312f92a86"
  dependencies:
    path-parse "^1.0.5"

rollup-plugin-async@^1.2.0:
  version "1.2.0"
  resolved "https://registry.yarnpkg.com/rollup-plugin-async/-/rollup-plugin-async-1.2.0.tgz#f95fdd29f8b6f2332b5a89a9d64ee8087b12b249"
  dependencies:
    async-to-gen "^1.2.0"
    rollup-pluginutils "^1.5.1"

rollup-plugin-commonjs@^8.2.0:
  version "8.2.1"
  resolved "https://registry.yarnpkg.com/rollup-plugin-commonjs/-/rollup-plugin-commonjs-8.2.1.tgz#5e40c78375eb163c14c76bce69da1750e5905a2e"
  dependencies:
    acorn "^5.1.1"
    estree-walker "^0.5.0"
    magic-string "^0.22.4"
    resolve "^1.4.0"
    rollup-pluginutils "^2.0.1"

rollup-plugin-node-resolve@^3.0.0:
  version "3.0.0"
  resolved "https://registry.yarnpkg.com/rollup-plugin-node-resolve/-/rollup-plugin-node-resolve-3.0.0.tgz#8b897c4c3030d5001277b0514b25d2ca09683ee0"
  dependencies:
    browser-resolve "^1.11.0"
    builtin-modules "^1.1.0"
    is-module "^1.0.0"
    resolve "^1.1.6"

rollup-pluginutils@^1.5.1:
  version "1.5.2"
  resolved "https://registry.yarnpkg.com/rollup-pluginutils/-/rollup-pluginutils-1.5.2.tgz#1e156e778f94b7255bfa1b3d0178be8f5c552408"
  dependencies:
    estree-walker "^0.2.1"
    minimatch "^3.0.2"

rollup-pluginutils@^2.0.1:
  version "2.0.1"
  resolved "https://registry.yarnpkg.com/rollup-pluginutils/-/rollup-pluginutils-2.0.1.tgz#7ec95b3573f6543a46a6461bd9a7c544525d0fc0"
  dependencies:
    estree-walker "^0.3.0"
    micromatch "^2.3.11"

rollup@^0.49.2:
  version "0.49.3"
  resolved "https://registry.yarnpkg.com/rollup/-/rollup-0.49.3.tgz#4cce32643dd8cf2154c69ff0e43470067db0adbf"

safe-buffer@^5.0.1:
  version "5.1.1"
  resolved "https://registry.yarnpkg.com/safe-buffer/-/safe-buffer-5.1.1.tgz#893312af69b2123def71f57889001671eeb2c853"

safe-json-parse@~1.0.1:
  version "1.0.1"
  resolved "http://registry.npm.taobao.org/safe-json-parse/download/safe-json-parse-1.0.1.tgz#3e76723e38dfdda13c9b1d29a1e07ffee4b30b57"

sax@>=0.6.0:
  version "1.2.4"
  resolved "http://registry.npm.taobao.org/sax/download/sax-1.2.4.tgz#2816234e2378bddc4e5354fab5caa895df7100d9"

sntp@1.x.x:
  version "1.0.9"
  resolved "https://registry.yarnpkg.com/sntp/-/sntp-1.0.9.tgz#6541184cc90aeea6c6e7b35e2659082443c66198"
  dependencies:
    hoek "2.x.x"

source-map@~0.5.1:
  version "0.5.7"
  resolved "https://registry.yarnpkg.com/source-map/-/source-map-0.5.7.tgz#8a039d2d1021d22d1ea14c80d8ea468ba2ef3fcc"

sshpk@^1.7.0:
  version "1.13.1"
  resolved "https://registry.yarnpkg.com/sshpk/-/sshpk-1.13.1.tgz#512df6da6287144316dc4c18fe1cf1d940739be3"
  dependencies:
    asn1 "~0.2.3"
    assert-plus "^1.0.0"
    dashdash "^1.12.0"
    getpass "^0.1.1"
  optionalDependencies:
    bcrypt-pbkdf "^1.0.0"
    ecc-jsbn "~0.1.1"
    jsbn "~0.1.0"
    tweetnacl "~0.14.0"

string-template@~0.2.1:
  version "0.2.1"
  resolved "http://registry.npm.taobao.org/string-template/download/string-template-0.2.1.tgz#42932e598a352d01fc22ec3367d9d84eec6c9add"

string_decoder@0.10:
  version "0.10.31"
  resolved "http://registry.npm.taobao.org/string_decoder/download/string_decoder-0.10.31.tgz#62e203bc41766c6c28c9fc84301dab1c5310fa94"

stringstream@~0.0.4:
  version "0.0.5"
  resolved "https://registry.yarnpkg.com/stringstream/-/stringstream-0.0.5.tgz#4e484cd4de5a0bbbee18e46307710a8a81621878"

tough-cookie@~2.3.0:
  version "2.3.2"
  resolved "https://registry.yarnpkg.com/tough-cookie/-/tough-cookie-2.3.2.tgz#f081f76e4c85720e6c37a5faced737150d84072a"
  dependencies:
    punycode "^1.4.1"

tunnel-agent@^0.6.0:
  version "0.6.0"
  resolved "https://registry.yarnpkg.com/tunnel-agent/-/tunnel-agent-0.6.0.tgz#27a5dea06b36b04a0a9966774b290868f0fc40fd"
  dependencies:
    safe-buffer "^5.0.1"

tweetnacl@^0.14.3, tweetnacl@~0.14.0:
  version "0.14.5"
  resolved "https://registry.yarnpkg.com/tweetnacl/-/tweetnacl-0.14.5.tgz#5ae68177f192d4456269d108afa93ff8743f4f64"

uglify-es@^3.0.28:
  version "3.1.1"
  resolved "https://registry.yarnpkg.com/uglify-es/-/uglify-es-3.1.1.tgz#27615a1203cd0b351d8b5bda743ac92ed482b826"
  dependencies:
    commander "~2.11.0"
    source-map "~0.5.1"

uuid@^3.0.0:
  version "3.1.0"
  resolved "https://registry.yarnpkg.com/uuid/-/uuid-3.1.0.tgz#3dd3d3e790abc24d7b0d3a034ffababe28ebbc04"

verror@1.10.0:
  version "1.10.0"
  resolved "https://registry.yarnpkg.com/verror/-/verror-1.10.0.tgz#3a105ca17053af55d6e270c1f8288682e18da400"
  dependencies:
    assert-plus "^1.0.0"
    core-util-is "1.0.2"
    extsprintf "^1.2.0"

vlq@^0.2.1:
  version "0.2.2"
  resolved "https://registry.yarnpkg.com/vlq/-/vlq-0.2.2.tgz#e316d5257b40b86bb43cb8d5fea5d7f54d6b0ca1"

wechat-crypto@^0.0.2:
  version "0.0.2"
  resolved "http://registry.npm.taobao.org/wechat-crypto/download/wechat-crypto-0.0.2.tgz#a55443ec0810f4c1992a293a27860839700c6369"

xml2js@^0.4.19:
  version "0.4.19"
  resolved "http://registry.npm.taobao.org/xml2js/download/xml2js-0.4.19.tgz#686c20f213209e94abf0d1bcf1efaa291c7827a7"
  dependencies:
    sax ">=0.6.0"
    xmlbuilder "~9.0.1"

xmlbuilder@~9.0.1:
  version "9.0.4"
  resolved "http://registry.npm.taobao.org/xmlbuilder/download/xmlbuilder-9.0.4.tgz#519cb4ca686d005a8420d3496f3f0caeecca580f"

xtend@~4.0.0:
  version "4.0.1"
  resolved "http://registry.npm.taobao.org/xtend/download/xtend-4.0.1.tgz#a5c6d532be656e23db820efb943a1f04998d63af"
